
Microsoft Visual Studio Solution File, Format Version 12.00
# Visual Studio Version 16
VisualStudioVersion = 16.0.30611.23
MinimumVisualStudioVersion = 10.0.40219.1
Project("{8BC9CEB8-8B4A-11D0-8D11-00A0C91BC942}") = "Farm", "Farm\Farm.vcxproj", "{09C6A8D1-A925-4868-92DA-90B03F80BABF}"
EndProject
Global
	GlobalSection(SolutionConfigurationPlatforms) = preSolution
		Debug|x64 = Debug|x64
		Debug|x86 = Debug|x86
		Release|x64 = Release|x64
		Release|x86 = Release|x86
	EndGlobalSection
	GlobalSection(ProjectConfigurationPlatforms) = postSolution
		{09C6A8D1-A925-4868-92DA-90B03F80BABF}.Debug|x64.ActiveCfg = Debug|x64
		{09C6A8D1-A925-4868-92DA-90B03F80BABF}.Debug|x64.Build.0 = Debug|x64
		{09C6A8D1-A925-4868-92DA-90B03F80BABF}.Debug|x86.ActiveCfg = Debug|Win32
		{09C6A8D1-A925-4868-92DA-90B03F80BABF}.Debug|x86.Build.0 = Debug|Win32
		{09C6A8D1-A925-4868-92DA-90B03F80BABF}.Release|x64.ActiveCfg = Release|x64
		{09C6A8D1-A925-4868-92DA-90B03F80BABF}.Release|x64.Build.0 = Release|x64
		{09C6A8D1-A925-4868-92DA-90B03F80BABF}.Release|x86.ActiveCfg = Release|Win32
		{09C6A8D1-A925-4868-92DA-90B03F80BABF}.Release|x86.Build.0 = Release|Win32
	EndGlobalSection
	GlobalSection(SolutionProperties) = preSolution
		HideSolutionNode = FALSE
	EndGlobalSection
	GlobalSection(ExtensibilityGlobals) = postSolution
		SolutionGuid = {178CF42E-BB2E-455E-9474-5D3E53B4899E}
	EndGlobalSection
EndGlobal
